
Microsoft Visual Studio Solution File, Format Version 12.00
# Visual Studio Version 17
VisualStudioVersion = 17.5.33516.290
MinimumVisualStudioVersion = 10.0.40219.1
Project("{9A19103F-16F7-4668-BE54-9A1E7A4F7556}") = "LeetCode", "LeetCode\LeetCode.csproj", "{60B57914-50DA-4053-BD5B-31CB64BA2A4D}"
EndProject
Project("{9A19103F-16F7-4668-BE54-9A1E7A4F7556}") = "LeetCode.Core", "LeetCode.Core\LeetCode.Core.csproj", "{7C6DBC36-1F5A-408B-8867-3925361E524E}"
EndProject
Project("{2150E333-8FDC-42A3-9474-1A3956D46DE8}") = "Tests", "Tests", "{104AAE1C-88C3-4EC6-A1F9-E20C5BCF4468}"
EndProject
Project("{9A19103F-16F7-4668-BE54-9A1E7A4F7556}") = "LeetCode.Core.Tests", "Tests\LeetCode.Core.Tests\LeetCode.Core.Tests.csproj", "{B88513BF-6B0E-4413-A0DD-B5E4B37BCB58}"
EndProject
Project("{9A19103F-16F7-4668-BE54-9A1E7A4F7556}") = "LeetCode.Tests", "Tests\LeetCode.Tests\LeetCode.Tests.csproj", "{E45FB1CF-8EFE-4F36-BEC3-DE009DFE8204}"
EndProject
Global
	GlobalSection(SolutionConfigurationPlatforms) = preSolution
		Debug|Any CPU = Debug|Any CPU
		Release|Any CPU = Release|Any CPU
	EndGlobalSection
	GlobalSection(ProjectConfigurationPlatforms) = postSolution
		{60B57914-50DA-4053-BD5B-31CB64BA2A4D}.Debug|Any CPU.ActiveCfg = Debug|Any CPU
		{60B57914-50DA-4053-BD5B-31CB64BA2A4D}.Debug|Any CPU.Build.0 = Debug|Any CPU
		{60B57914-50DA-4053-BD5B-31CB64BA2A4D}.Release|Any CPU.ActiveCfg = Release|Any CPU
		{60B57914-50DA-4053-BD5B-31CB64BA2A4D}.Release|Any CPU.Build.0 = Release|Any CPU
		{7C6DBC36-1F5A-408B-8867-3925361E524E}.Debug|Any CPU.ActiveCfg = Debug|Any CPU
		{7C6DBC36-1F5A-408B-8867-3925361E524E}.Debug|Any CPU.Build.0 = Debug|Any CPU
		{7C6DBC36-1F5A-408B-8867-3925361E524E}.Release|Any CPU.ActiveCfg = Release|Any CPU
		{7C6DBC36-1F5A-408B-8867-3925361E524E}.Release|Any CPU.Build.0 = Release|Any CPU
		{B88513BF-6B0E-4413-A0DD-B5E4B37BCB58}.Debug|Any CPU.ActiveCfg = Debug|Any CPU
		{B88513BF-6B0E-4413-A0DD-B5E4B37BCB58}.Debug|Any CPU.Build.0 = Debug|Any CPU
		{B88513BF-6B0E-4413-A0DD-B5E4B37BCB58}.Release|Any CPU.ActiveCfg = Release|Any CPU
		{B88513BF-6B0E-4413-A0DD-B5E4B37BCB58}.Release|Any CPU.Build.0 = Release|Any CPU
		{E45FB1CF-8EFE-4F36-BEC3-DE009DFE8204}.Debug|Any CPU.ActiveCfg = Debug|Any CPU
		{E45FB1CF-8EFE-4F36-BEC3-DE009DFE8204}.Debug|Any CPU.Build.0 = Debug|Any CPU
		{E45FB1CF-8EFE-4F36-BEC3-DE009DFE8204}.Release|Any CPU.ActiveCfg = Release|Any CPU
		{E45FB1CF-8EFE-4F36-BEC3-DE009DFE8204}.Release|Any CPU.Build.0 = Release|Any CPU
	EndGlobalSection
	GlobalSection(SolutionProperties) = preSolution
		HideSolutionNode = FALSE
	EndGlobalSection
	GlobalSection(NestedProjects) = preSolution
		{B88513BF-6B0E-4413-A0DD-B5E4B37BCB58} = {104AAE1C-88C3-4EC6-A1F9-E20C5BCF4468}
		{E45FB1CF-8EFE-4F36-BEC3-DE009DFE8204} = {104AAE1C-88C3-4EC6-A1F9-E20C5BCF4468}
	EndGlobalSection
	GlobalSection(ExtensibilityGlobals) = postSolution
		SolutionGuid = {870C967A-9232-4FC5-8D3A-BCB658F585EA}
	EndGlobalSection
EndGlobal
